
Microsoft Visual Studio Solution File, Format Version 12.00
# Visual Studio Version 17
VisualStudioVersion = 17.1.32421.90
MinimumVisualStudioVersion = 10.0.40219.1
Project("{9A19103F-16F7-4668-BE54-9A1E7A4F7556}") = "BulkyBookWeb", "BulkyBookWeb\BulkyBookWeb.csproj", "{EE4FA1F2-B7C5-4F3E-BE16-8D8DB5AFC541}"
EndProject
Project("{9A19103F-16F7-4668-BE54-9A1E7A4F7556}") = "BulkyBook.DataAccess", "BulkyBook.DataAccess\BulkyBook.DataAccess.csproj", "{6DAE4D9C-3E64-49D1-8871-D6D82B852AD7}"
EndProject
Project("{9A19103F-16F7-4668-BE54-9A1E7A4F7556}") = "BulkyBook.Models", "BulkyBook.Models\BulkyBook.Models.csproj", "{B9775B0B-EAEA-48A1-BFA1-BF72F10CBA52}"
EndProject
Project("{FAE04EC0-301F-11D3-BF4B-00C04F79EFBC}") = "BulkyBook.Utility", "BulkyBook.Utility\BulkyBook.Utility.csproj", "{F3AE17C1-E897-482A-A52D-59228E9EBE9E}"
EndProject
Global
	GlobalSection(SolutionConfigurationPlatforms) = preSolution
		Debug|Any CPU = Debug|Any CPU
		Release|Any CPU = Release|Any CPU
	EndGlobalSection
	GlobalSection(ProjectConfigurationPlatforms) = postSolution
		{EE4FA1F2-B7C5-4F3E-BE16-8D8DB5AFC541}.Debug|Any CPU.ActiveCfg = Debug|Any CPU
		{EE4FA1F2-B7C5-4F3E-BE16-8D8DB5AFC541}.Debug|Any CPU.Build.0 = Debug|Any CPU
		{EE4FA1F2-B7C5-4F3E-BE16-8D8DB5AFC541}.Release|Any CPU.ActiveCfg = Release|Any CPU
		{EE4FA1F2-B7C5-4F3E-BE16-8D8DB5AFC541}.Release|Any CPU.Build.0 = Release|Any CPU
		{6DAE4D9C-3E64-49D1-8871-D6D82B852AD7}.Debug|Any CPU.ActiveCfg = Debug|Any CPU
		{6DAE4D9C-3E64-49D1-8871-D6D82B852AD7}.Debug|Any CPU.Build.0 = Debug|Any CPU
		{6DAE4D9C-3E64-49D1-8871-D6D82B852AD7}.Release|Any CPU.ActiveCfg = Release|Any CPU
		{6DAE4D9C-3E64-49D1-8871-D6D82B852AD7}.Release|Any CPU.Build.0 = Release|Any CPU
		{B9775B0B-EAEA-48A1-BFA1-BF72F10CBA52}.Debug|Any CPU.ActiveCfg = Debug|Any CPU
		{B9775B0B-EAEA-48A1-BFA1-BF72F10CBA52}.Debug|Any CPU.Build.0 = Debug|Any CPU
		{B9775B0B-EAEA-48A1-BFA1-BF72F10CBA52}.Release|Any CPU.ActiveCfg = Release|Any CPU
		{B9775B0B-EAEA-48A1-BFA1-BF72F10CBA52}.Release|Any CPU.Build.0 = Release|Any CPU
		{F3AE17C1-E897-482A-A52D-59228E9EBE9E}.Debug|Any CPU.ActiveCfg = Debug|Any CPU
		{F3AE17C1-E897-482A-A52D-59228E9EBE9E}.Debug|Any CPU.Build.0 = Debug|Any CPU
		{F3AE17C1-E897-482A-A52D-59228E9EBE9E}.Release|Any CPU.ActiveCfg = Release|Any CPU
		{F3AE17C1-E897-482A-A52D-59228E9EBE9E}.Release|Any CPU.Build.0 = Release|Any CPU
	EndGlobalSection
	GlobalSection(SolutionProperties) = preSolution
		HideSolutionNode = FALSE
	EndGlobalSection
	GlobalSection(ExtensibilityGlobals) = postSolution
		SolutionGuid = {F0D858F6-4599-42B1-854B-5818C7B337D5}
	EndGlobalSection
EndGlobal
